
Microsoft Visual Studio Solution File, Format Version 12.00
Project("{FAE04EC0-301F-11D3-BF4B-00C04F79EFBC}") = "CarrocinhaDoBem.Api", "CarrocinhaDoBem.Api\CarrocinhaDoBem.Api.csproj", "{68F7A5D1-550C-4AE3-85AD-05A1BE49136B}"
EndProject
Global
	GlobalSection(SolutionConfigurationPlatforms) = preSolution
		Debug|Any CPU = Debug|Any CPU
		Release|Any CPU = Release|Any CPU
	EndGlobalSection
	GlobalSection(ProjectConfigurationPlatforms) = postSolution
		{68F7A5D1-550C-4AE3-85AD-05A1BE49136B}.Debug|Any CPU.ActiveCfg = Debug|Any CPU
		{68F7A5D1-550C-4AE3-85AD-05A1BE49136B}.Debug|Any CPU.Build.0 = Debug|Any CPU
		{68F7A5D1-550C-4AE3-85AD-05A1BE49136B}.Release|Any CPU.ActiveCfg = Release|Any CPU
		{68F7A5D1-550C-4AE3-85AD-05A1BE49136B}.Release|Any CPU.Build.0 = Release|Any CPU
	EndGlobalSection
EndGlobal
